// !$*UTF8*$!
{
	archiveVersion = 1;
	classes = {
	};
	objectVersion = 46;
	objects = {

/* Begin PBXBuildFile section */
		D01D290C136CE9710094B975 /* ProgressReporting.cpp in Sources */ = {isa = PBXBuildFile; fileRef = D01D290B136CE9710094B975 /* ProgressReporting.cpp */; };
		D01F3B0B13E0800D00A42472 /* Localizer.r in Rez */ = {isa = PBXBuildFile; fileRef = D01F3B0A13E0800D00A42472 /* Localizer.r */; };
		D022E2651473F3BB004107A9 /* Accelerate.framework in Frameworks */ = {isa = PBXBuildFile; fileRef = D0006D2B12CFD34D00539A8F /* Accelerate.framework */; };
		D025068521BEAC23000A2077 /* libXOPSupport64.a in Frameworks */ = {isa = PBXBuildFile; fileRef = D025068421BEAC23000A2077 /* libXOPSupport64.a */; };
		D027E93A151311CF005B8664 /* Convolver.cpp in Sources */ = {isa = PBXBuildFile; fileRef = D027E936151311CF005B8664 /* Convolver.cpp */; };
		D02F86341BB58CF900CF5E68 /* Cocoa.framework in Frameworks */ = {isa = PBXBuildFile; fileRef = D02F86331BB58CF900CF5E68 /* Cocoa.framework */; };
		D056459F18AA1F72001A22D9 /* NewSOFI.cpp in Sources */ = {isa = PBXBuildFile; fileRef = D056459D18AA1F72001A22D9 /* NewSOFI.cpp */; };
		D05645A018AA1F72001A22D9 /* NewSOFI.cpp in Sources */ = {isa = PBXBuildFile; fileRef = D056459D18AA1F72001A22D9 /* NewSOFI.cpp */; };
		D05645A118AA1F72001A22D9 /* NewSOFI.h in Headers */ = {isa = PBXBuildFile; fileRef = D056459E18AA1F72001A22D9 /* NewSOFI.h */; };
		D05645A418AA211F001A22D9 /* NewSOFIKernels.cpp in Sources */ = {isa = PBXBuildFile; fileRef = D05645A218AA211F001A22D9 /* NewSOFIKernels.cpp */; };
		D05645A518AA211F001A22D9 /* NewSOFIKernels.cpp in Sources */ = {isa = PBXBuildFile; fileRef = D05645A218AA211F001A22D9 /* NewSOFIKernels.cpp */; };
		D05645A618AA211F001A22D9 /* NewSOFIKernels.h in Headers */ = {isa = PBXBuildFile; fileRef = D05645A318AA211F001A22D9 /* NewSOFIKernels.h */; };
		D06A631F18B4CED200C940C5 /* SOFIFrameVerifiers.cpp in Sources */ = {isa = PBXBuildFile; fileRef = D06A631D18B4CED200C940C5 /* SOFIFrameVerifiers.cpp */; };
		D06A632018B4CED200C940C5 /* SOFIFrameVerifiers.cpp in Sources */ = {isa = PBXBuildFile; fileRef = D06A631D18B4CED200C940C5 /* SOFIFrameVerifiers.cpp */; };
		D06A632118B4CED200C940C5 /* SOFIFrameVerifiers.h in Headers */ = {isa = PBXBuildFile; fileRef = D06A631E18B4CED200C940C5 /* SOFIFrameVerifiers.h */; };
		D08859561BD7AD7B00310040 /* AudioToolbox.framework in Frameworks */ = {isa = PBXBuildFile; fileRef = D08859551BD7AD7B00310040 /* AudioToolbox.framework */; };
		D090E533139685610099D837 /* SOFI.cpp in Sources */ = {isa = PBXBuildFile; fileRef = D090E532139685610099D837 /* SOFI.cpp */; };
		D099CE661B8E4E7A00E23C07 /* libboost_date_time-mt.a in Frameworks */ = {isa = PBXBuildFile; fileRef = D0D8ABBA195C1DAB00D5987C /* libboost_date_time-mt.a */; };
		D099CE671B8E4E8000E23C07 /* libboost_system-mt.a in Frameworks */ = {isa = PBXBuildFile; fileRef = D0D8ABBB195C1DAB00D5987C /* libboost_system-mt.a */; };
		D099CE681B8E4E9300E23C07 /* libboost_thread-mt.a in Frameworks */ = {isa = PBXBuildFile; fileRef = D0D8ABBC195C1DAB00D5987C /* libboost_thread-mt.a */; };
		D099CE691B8E4E9700E23C07 /* libfftw3.a in Frameworks */ = {isa = PBXBuildFile; fileRef = D0EAE298170C54680012ED0E /* libfftw3.a */; };
		D099CE6A1B8E4E9A00E23C07 /* libgsl.a in Frameworks */ = {isa = PBXBuildFile; fileRef = D0EAE299170C54680012ED0E /* libgsl.a */; };
		D099CE6B1B8E4E9E00E23C07 /* libtiff.a in Frameworks */ = {isa = PBXBuildFile; fileRef = D0D8ABB6195C1D2500D5987C /* libtiff.a */; };
		D099CE6C1B8E4EA100E23C07 /* libjpeg.a in Frameworks */ = {isa = PBXBuildFile; fileRef = D0EAE29A170C54680012ED0E /* libjpeg.a */; };
		D099CE6D1B8E4EA400E23C07 /* liblzma.a in Frameworks */ = {isa = PBXBuildFile; fileRef = D0EAE29B170C54680012ED0E /* liblzma.a */; };
		D099CE6E1B8E4EA700E23C07 /* libz.a in Frameworks */ = {isa = PBXBuildFile; fileRef = D0EAE29D170C54680012ED0E /* libz.a */; };
		D099CE6F1B8E4EAE00E23C07 /* libtbb.dylib in Frameworks */ = {isa = PBXBuildFile; fileRef = D0C7D190172E77CD0048356A /* libtbb.dylib */; };
		D099CE711B8E4EC300E23C07 /* Accelerate.framework in Frameworks */ = {isa = PBXBuildFile; fileRef = D0006D2B12CFD34D00539A8F /* Accelerate.framework */; };
		D099CE721B8E4EC500E23C07 /* Carbon.framework in Frameworks */ = {isa = PBXBuildFile; fileRef = 08EA7FFBFE8413EDC02AAC07 /* Carbon.framework */; };
		D0A9C2ED135F4EED00D076AE /* InfoPlist.strings in Resources */ = {isa = PBXBuildFile; fileRef = 089C167DFE841241C02AAC07 /* InfoPlist.strings */; };
		D0A9C2EF135F4EED00D076AE /* IgorXOP.cpp in Sources */ = {isa = PBXBuildFile; fileRef = D09576100D30171E00506A92 /* IgorXOP.cpp */; };
		D0A9C2F0135F4EED00D076AE /* PALMAnalysis.cpp in Sources */ = {isa = PBXBuildFile; fileRef = D09810480D5B18B10074692A /* PALMAnalysis.cpp */; };
		D0A9C2F1135F4EED00D076AE /* Processing.cpp in Sources */ = {isa = PBXBuildFile; fileRef = D09382490D8173B2008CB7F8 /* Processing.cpp */; };
		D0A9C2F2135F4EED00D076AE /* FileIO.cpp in Sources */ = {isa = PBXBuildFile; fileRef = D08BADD30F80C59400D08A6C /* FileIO.cpp */; };
		D0A9C2F3135F4EED00D076AE /* Segmentation.cpp in Sources */ = {isa = PBXBuildFile; fileRef = D093BF73106FE0380005ECA3 /* Segmentation.cpp */; };
		D0A9C2F4135F4EED00D076AE /* ParticleFinding.cpp in Sources */ = {isa = PBXBuildFile; fileRef = D093BF93106FE1910005ECA3 /* ParticleFinding.cpp */; };
		D0A9C2F5135F4EED00D076AE /* Localization.cpp in Sources */ = {isa = PBXBuildFile; fileRef = D093BFB8106FE2CE0005ECA3 /* Localization.cpp */; };
		D0A9C2F6135F4EED00D076AE /* PALMImages.cpp in Sources */ = {isa = PBXBuildFile; fileRef = D03321011074B8B80097124C /* PALMImages.cpp */; };
		D0A9C2F7135F4EED00D076AE /* IgorUtilities.cpp in Sources */ = {isa = PBXBuildFile; fileRef = D0F0E2CF10EBE26600F9A855 /* IgorUtilities.cpp */; };
		D0A9C2F8135F4EED00D076AE /* PositionsProcessing.cpp in Sources */ = {isa = PBXBuildFile; fileRef = D0FD27B110F4F41F00C99B9B /* PositionsProcessing.cpp */; };
		D0A9C2F9135F4EED00D076AE /* Storage.cpp in Sources */ = {isa = PBXBuildFile; fileRef = D0069E0C117B764200112C90 /* Storage.cpp */; };
		D0A9C2FA135F4EED00D076AE /* MatrixRecycler.cpp in Sources */ = {isa = PBXBuildFile; fileRef = D0E6FD10131C546400356DBB /* MatrixRecycler.cpp */; };
		D0C258321746C19A001C2EB1 /* PALMAnalysis.cpp in Sources */ = {isa = PBXBuildFile; fileRef = D09810480D5B18B10074692A /* PALMAnalysis.cpp */; };
		D0C258341746C1A2001C2EB1 /* Processing.cpp in Sources */ = {isa = PBXBuildFile; fileRef = D09382490D8173B2008CB7F8 /* Processing.cpp */; };
		D0C258361746C1A2001C2EB1 /* FileIO.cpp in Sources */ = {isa = PBXBuildFile; fileRef = D08BADD30F80C59400D08A6C /* FileIO.cpp */; };
		D0C258381746C1A2001C2EB1 /* Segmentation.cpp in Sources */ = {isa = PBXBuildFile; fileRef = D093BF73106FE0380005ECA3 /* Segmentation.cpp */; };
		D0C2583A1746C1A2001C2EB1 /* Convolver.cpp in Sources */ = {isa = PBXBuildFile; fileRef = D027E936151311CF005B8664 /* Convolver.cpp */; };
		D0C2583C1746C1A2001C2EB1 /* ParticleFinding.cpp in Sources */ = {isa = PBXBuildFile; fileRef = D093BF93106FE1910005ECA3 /* ParticleFinding.cpp */; };
		D0C2583E1746C1A2001C2EB1 /* Localization.cpp in Sources */ = {isa = PBXBuildFile; fileRef = D093BFB8106FE2CE0005ECA3 /* Localization.cpp */; };
		D0C258401746C1A2001C2EB1 /* PALMImages.cpp in Sources */ = {isa = PBXBuildFile; fileRef = D03321011074B8B80097124C /* PALMImages.cpp */; };
		D0C258421746C1A2001C2EB1 /* PositionsProcessing.cpp in Sources */ = {isa = PBXBuildFile; fileRef = D0FD27B110F4F41F00C99B9B /* PositionsProcessing.cpp */; };
		D0C258441746C1A2001C2EB1 /* SOFI.cpp in Sources */ = {isa = PBXBuildFile; fileRef = D090E532139685610099D837 /* SOFI.cpp */; };
		D0C258461746C1A2001C2EB1 /* Storage.cpp in Sources */ = {isa = PBXBuildFile; fileRef = D0069E0C117B764200112C90 /* Storage.cpp */; };
		D0C258481746C1A2001C2EB1 /* MatrixRecycler.cpp in Sources */ = {isa = PBXBuildFile; fileRef = D0E6FD10131C546400356DBB /* MatrixRecycler.cpp */; };
		D0C2584C1746C1AF001C2EB1 /* Matlab.cpp in Sources */ = {isa = PBXBuildFile; fileRef = D0128F5D151CB06400D683EC /* Matlab.cpp */; };
		D0C2584E1746C1AF001C2EB1 /* WaitMex.cpp in Sources */ = {isa = PBXBuildFile; fileRef = D043F47415A712B7006A3D54 /* WaitMex.cpp */; };
		D0C258521746C1E2001C2EB1 /* libfftw3.a in Frameworks */ = {isa = PBXBuildFile; fileRef = D0EAE298170C54680012ED0E /* libfftw3.a */; };
		D0C258531746C1E4001C2EB1 /* libgsl.a in Frameworks */ = {isa = PBXBuildFile; fileRef = D0EAE299170C54680012ED0E /* libgsl.a */; };
		D0C258541746C1E7001C2EB1 /* libjpeg.a in Frameworks */ = {isa = PBXBuildFile; fileRef = D0EAE29A170C54680012ED0E /* libjpeg.a */; };
		D0C258551746C1EA001C2EB1 /* liblzma.a in Frameworks */ = {isa = PBXBuildFile; fileRef = D0EAE29B170C54680012ED0E /* liblzma.a */; };
		D0C258571746C1EF001C2EB1 /* libz.a in Frameworks */ = {isa = PBXBuildFile; fileRef = D0EAE29D170C54680012ED0E /* libz.a */; };
		D0C258581746C1F4001C2EB1 /* libtbb.dylib in Frameworks */ = {isa = PBXBuildFile; fileRef = D0C7D190172E77CD0048356A /* libtbb.dylib */; };
		D0C258591746C51E001C2EB1 /* Accelerate.framework in Frameworks */ = {isa = PBXBuildFile; fileRef = D0006D2B12CFD34D00539A8F /* Accelerate.framework */; };
		D0C2585A1746C57D001C2EB1 /* ProgressReporting.cpp in Sources */ = {isa = PBXBuildFile; fileRef = D01D290B136CE9710094B975 /* ProgressReporting.cpp */; };
		D0CCD3251473C6B6005CD75A /* FileIO.cpp in Sources */ = {isa = PBXBuildFile; fileRef = D08BADD30F80C59400D08A6C /* FileIO.cpp */; };
		D0CCD3331473C6B6005CD75A /* Storage.cpp in Sources */ = {isa = PBXBuildFile; fileRef = D0069E0C117B764200112C90 /* Storage.cpp */; };
		D0CCD3351473C6B6005CD75A /* MatrixRecycler.cpp in Sources */ = {isa = PBXBuildFile; fileRef = D0E6FD10131C546400356DBB /* MatrixRecycler.cpp */; };
		D0CCD33C1473C7E0005CD75A /* LocalizerDLL.cpp in Sources */ = {isa = PBXBuildFile; fileRef = D0CCD33B1473C7E0005CD75A /* LocalizerDLL.cpp */; };
		D0D8ABB8195C1D2500D5987C /* libtiff.a in Frameworks */ = {isa = PBXBuildFile; fileRef = D0D8ABB6195C1D2500D5987C /* libtiff.a */; };
		D0D8ABB9195C1D2500D5987C /* libtiff.a in Frameworks */ = {isa = PBXBuildFile; fileRef = D0D8ABB6195C1D2500D5987C /* libtiff.a */; };
		D0D8ABBE195C1DAB00D5987C /* libboost_date_time-mt.a in Frameworks */ = {isa = PBXBuildFile; fileRef = D0D8ABBA195C1DAB00D5987C /* libboost_date_time-mt.a */; };
		D0D8ABBF195C1DAB00D5987C /* libboost_date_time-mt.a in Frameworks */ = {isa = PBXBuildFile; fileRef = D0D8ABBA195C1DAB00D5987C /* libboost_date_time-mt.a */; };
		D0D8ABC1195C1DAB00D5987C /* libboost_system-mt.a in Frameworks */ = {isa = PBXBuildFile; fileRef = D0D8ABBB195C1DAB00D5987C /* libboost_system-mt.a */; };
		D0D8ABC2195C1DAB00D5987C /* libboost_system-mt.a in Frameworks */ = {isa = PBXBuildFile; fileRef = D0D8ABBB195C1DAB00D5987C /* libboost_system-mt.a */; };
		D0D8ABC4195C1DAB00D5987C /* libboost_thread-mt.a in Frameworks */ = {isa = PBXBuildFile; fileRef = D0D8ABBC195C1DAB00D5987C /* libboost_thread-mt.a */; };
		D0D8ABC5195C1DAB00D5987C /* libboost_thread-mt.a in Frameworks */ = {isa = PBXBuildFile; fileRef = D0D8ABBC195C1DAB00D5987C /* libboost_thread-mt.a */; };
		D0FB9905193344E00024B6A7 /* libz.a in Frameworks */ = {isa = PBXBuildFile; fileRef = D0EAE29D170C54680012ED0E /* libz.a */; };
		D0FB9906193344E50024B6A7 /* liblzma.a in Frameworks */ = {isa = PBXBuildFile; fileRef = D0EAE29B170C54680012ED0E /* liblzma.a */; };
		D0FB9907193344E70024B6A7 /* libjpeg.a in Frameworks */ = {isa = PBXBuildFile; fileRef = D0EAE29A170C54680012ED0E /* libjpeg.a */; };
		F44AFE8F27A829290091EEF7 /* TIFFIFD.h in Headers */ = {isa = PBXBuildFile; fileRef = F44AFE8427A829290091EEF7 /* TIFFIFD.h */; };
		F44AFE9027A829290091EEF7 /* TIFFIFD.h in Headers */ = {isa = PBXBuildFile; fileRef = F44AFE8427A829290091EEF7 /* TIFFIFD.h */; };
		F44AFE9127A829290091EEF7 /* TIFFTag.h in Headers */ = {isa = PBXBuildFile; fileRef = F44AFE8527A829290091EEF7 /* TIFFTag.h */; };
		F44AFE9227A829290091EEF7 /* TIFFTag.h in Headers */ = {isa = PBXBuildFile; fileRef = F44AFE8527A829290091EEF7 /* TIFFTag.h */; };
		F44AFE9327A829290091EEF7 /* TIFFCompression.h in Headers */ = {isa = PBXBuildFile; fileRef = F44AFE8627A829290091EEF7 /* TIFFCompression.h */; };
		F44AFE9427A829290091EEF7 /* TIFFCompression.h in Headers */ = {isa = PBXBuildFile; fileRef = F44AFE8627A829290091EEF7 /* TIFFCompression.h */; };
		F44AFE9527A829290091EEF7 /* TIFFCompression.cpp in Sources */ = {isa = PBXBuildFile; fileRef = F44AFE8727A829290091EEF7 /* TIFFCompression.cpp */; };
		F44AFE9627A829290091EEF7 /* TIFFCompression.cpp in Sources */ = {isa = PBXBuildFile; fileRef = F44AFE8727A829290091EEF7 /* TIFFCompression.cpp */; };
		F44AFE9727A829290091EEF7 /* TIFFCompression.cpp in Sources */ = {isa = PBXBuildFile; fileRef = F44AFE8727A829290091EEF7 /* TIFFCompression.cpp */; };
		F44AFE9827A829290091EEF7 /* TIFFFile.cpp in Sources */ = {isa = PBXBuildFile; fileRef = F44AFE8827A829290091EEF7 /* TIFFFile.cpp */; };
		F44AFE9927A829290091EEF7 /* TIFFFile.cpp in Sources */ = {isa = PBXBuildFile; fileRef = F44AFE8827A829290091EEF7 /* TIFFFile.cpp */; };
		F44AFE9A27A829290091EEF7 /* TIFFFile.cpp in Sources */ = {isa = PBXBuildFile; fileRef = F44AFE8827A829290091EEF7 /* TIFFFile.cpp */; };
		F44AFE9B27A829290091EEF7 /* TIFFDefs.h in Headers */ = {isa = PBXBuildFile; fileRef = F44AFE8927A829290091EEF7 /* TIFFDefs.h */; };
		F44AFE9C27A829290091EEF7 /* TIFFDefs.h in Headers */ = {isa = PBXBuildFile; fileRef = F44AFE8927A829290091EEF7 /* TIFFDefs.h */; };
		F44AFE9D27A829290091EEF7 /* TIFFTag.cpp in Sources */ = {isa = PBXBuildFile; fileRef = F44AFE8A27A829290091EEF7 /* TIFFTag.cpp */; };
		F44AFE9E27A829290091EEF7 /* TIFFTag.cpp in Sources */ = {isa = PBXBuildFile; fileRef = F44AFE8A27A829290091EEF7 /* TIFFTag.cpp */; };
		F44AFE9F27A829290091EEF7 /* TIFFTag.cpp in Sources */ = {isa = PBXBuildFile; fileRef = F44AFE8A27A829290091EEF7 /* TIFFTag.cpp */; };
		F44AFEA027A829290091EEF7 /* TIFFIFD.cpp in Sources */ = {isa = PBXBuildFile; fileRef = F44AFE8B27A829290091EEF7 /* TIFFIFD.cpp */; };
		F44AFEA127A829290091EEF7 /* TIFFIFD.cpp in Sources */ = {isa = PBXBuildFile; fileRef = F44AFE8B27A829290091EEF7 /* TIFFIFD.cpp */; };
		F44AFEA227A829290091EEF7 /* TIFFIFD.cpp in Sources */ = {isa = PBXBuildFile; fileRef = F44AFE8B27A829290091EEF7 /* TIFFIFD.cpp */; };
		F44AFEA327A829290091EEF7 /* TIFFUtils.cpp in Sources */ = {isa = PBXBuildFile; fileRef = F44AFE8C27A829290091EEF7 /* TIFFUtils.cpp */; };
		F44AFEA427A829290091EEF7 /* TIFFUtils.cpp in Sources */ = {isa = PBXBuildFile; fileRef = F44AFE8C27A829290091EEF7 /* TIFFUtils.cpp */; };
		F44AFEA527A829290091EEF7 /* TIFFUtils.cpp in Sources */ = {isa = PBXBuildFile; fileRef = F44AFE8C27A829290091EEF7 /* TIFFUtils.cpp */; };
		F44AFEA627A829290091EEF7 /* TIFFFile.h in Headers */ = {isa = PBXBuildFile; fileRef = F44AFE8D27A829290091EEF7 /* TIFFFile.h */; };
		F44AFEA727A829290091EEF7 /* TIFFFile.h in Headers */ = {isa = PBXBuildFile; fileRef = F44AFE8D27A829290091EEF7 /* TIFFFile.h */; };
		F44AFEA827A829290091EEF7 /* TIFFUtils.h in Headers */ = {isa = PBXBuildFile; fileRef = F44AFE8E27A829290091EEF7 /* TIFFUtils.h */; };
		F44AFEA927A829290091EEF7 /* TIFFUtils.h in Headers */ = {isa = PBXBuildFile; fileRef = F44AFE8E27A829290091EEF7 /* TIFFUtils.h */; };
/* End PBXBuildFile section */

/* Begin PBXCopyFilesBuildPhase section */
		D0A9C301135F4EED00D076AE /* CopyFiles */ = {
			isa = PBXCopyFilesBuildPhase;
			buildActionMask = 2147483647;
			dstPath = Contents;
			dstSubfolderSpec = 1;
			files = (
			);
			runOnlyForDeploymentPostprocessing = 0;
		};
/* End PBXCopyFilesBuildPhase section */

/* Begin PBXFileReference section */
		089C167EFE841241C02AAC07 /* English */ = {isa = PBXFileReference; fileEncoding = 10; lastKnownFileType = text.plist.strings; name = English; path = English.lproj/InfoPlist.strings; sourceTree = "<group>"; };
		08EA7FFBFE8413EDC02AAC07 /* Carbon.framework */ = {isa = PBXFileReference; lastKnownFileType = wrapper.framework; name = Carbon.framework; path = /System/Library/Frameworks/Carbon.framework; sourceTree = "<absolute>"; };
		8D01CCD10486CAD60068D4B7 /* Info.plist */ = {isa = PBXFileReference; fileEncoding = 4; lastKnownFileType = text.plist.xml; name = Info.plist; path = ../resources/Info.plist; sourceTree = SOURCE_ROOT; };
		D0006D2B12CFD34D00539A8F /* Accelerate.framework */ = {isa = PBXFileReference; lastKnownFileType = wrapper.framework; name = Accelerate.framework; path = /System/Library/Frameworks/Accelerate.framework; sourceTree = "<absolute>"; };
		D0069E0C117B764200112C90 /* Storage.cpp */ = {isa = PBXFileReference; fileEncoding = 4; lastKnownFileType = sourcecode.cpp.cpp; name = Storage.cpp; path = ../source/Storage.cpp; sourceTree = SOURCE_ROOT; };
		D0128F5C151CB06400D683EC /* Matlab.h */ = {isa = PBXFileReference; fileEncoding = 4; lastKnownFileType = sourcecode.c.h; name = Matlab.h; path = ../source/Matlab.h; sourceTree = SOURCE_ROOT; };
		D0128F5D151CB06400D683EC /* Matlab.cpp */ = {isa = PBXFileReference; fileEncoding = 4; lastKnownFileType = sourcecode.cpp.cpp; name = Matlab.cpp; path = ../source/Matlab.cpp; sourceTree = SOURCE_ROOT; };
		D01677061B8D97A5007685B9 /* libXOPSupport.a */ = {isa = PBXFileReference; lastKnownFileType = archive.ar; name = libXOPSupport.a; path = ../../XOPSupport/Xcode/libXOPSupport.a; sourceTree = SOURCE_ROOT; };
		D01D290A136CE9710094B975 /* ProgressReporting.h */ = {isa = PBXFileReference; fileEncoding = 4; lastKnownFileType = sourcecode.c.h; name = ProgressReporting.h; path = ../source/ProgressReporting.h; sourceTree = SOURCE_ROOT; };
		D01D290B136CE9710094B975 /* ProgressReporting.cpp */ = {isa = PBXFileReference; fileEncoding = 4; lastKnownFileType = sourcecode.cpp.cpp; name = ProgressReporting.cpp; path = ../source/ProgressReporting.cpp; sourceTree = SOURCE_ROOT; };
		D01F3B0A13E0800D00A42472 /* Localizer.r */ = {isa = PBXFileReference; fileEncoding = 4; lastKnownFileType = sourcecode.rez; name = Localizer.r; path = ../resources/Localizer.r; sourceTree = SOURCE_ROOT; };
		D025068421BEAC23000A2077 /* libXOPSupport64.a */ = {isa = PBXFileReference; lastKnownFileType = archive.ar; name = libXOPSupport64.a; path = ../../XOPSupport/Xcode/libXOPSupport64.a; sourceTree = "<group>"; };
		D027E935151311CF005B8664 /* Convolver.h */ = {isa = PBXFileReference; fileEncoding = 4; lastKnownFileType = sourcecode.c.h; name = Convolver.h; path = ../source/Convolver.h; sourceTree = SOURCE_ROOT; };
		D027E936151311CF005B8664 /* Convolver.cpp */ = {isa = PBXFileReference; fileEncoding = 4; lastKnownFileType = sourcecode.cpp.cpp; name = Convolver.cpp; path = ../source/Convolver.cpp; sourceTree = SOURCE_ROOT; };
		D02F86331BB58CF900CF5E68 /* Cocoa.framework */ = {isa = PBXFileReference; lastKnownFileType = wrapper.framework; name = Cocoa.framework; path = ../../../../../../../../System/Library/Frameworks/Cocoa.framework; sourceTree = "<group>"; };
		D03321001074B8B80097124C /* PALMImages.h */ = {isa = PBXFileReference; fileEncoding = 4; lastKnownFileType = sourcecode.c.h; name = PALMImages.h; path = ../source/PALMImages.h; sourceTree = SOURCE_ROOT; };
		D03321011074B8B80097124C /* PALMImages.cpp */ = {isa = PBXFileReference; fileEncoding = 4; lastKnownFileType = sourcecode.cpp.cpp; name = PALMImages.cpp; path = ../source/PALMImages.cpp; sourceTree = SOURCE_ROOT; };
		D043F47315A712B7006A3D54 /* WaitMex.h */ = {isa = PBXFileReference; fileEncoding = 4; lastKnownFileType = sourcecode.c.h; name = WaitMex.h; path = ../source/WaitMex.h; sourceTree = SOURCE_ROOT; };
		D043F47415A712B7006A3D54 /* WaitMex.cpp */ = {isa = PBXFileReference; fileEncoding = 4; lastKnownFileType = sourcecode.cpp.cpp; name = WaitMex.cpp; path = ../source/WaitMex.cpp; sourceTree = SOURCE_ROOT; };
		D056459D18AA1F72001A22D9 /* NewSOFI.cpp */ = {isa = PBXFileReference; fileEncoding = 4; lastKnownFileType = sourcecode.cpp.cpp; name = NewSOFI.cpp; path = ../source/NewSOFI.cpp; sourceTree = "<group>"; };
		D056459E18AA1F72001A22D9 /* NewSOFI.h */ = {isa = PBXFileReference; fileEncoding = 4; lastKnownFileType = sourcecode.c.h; name = NewSOFI.h; path = ../source/NewSOFI.h; sourceTree = "<group>"; };
		D05645A218AA211F001A22D9 /* NewSOFIKernels.cpp */ = {isa = PBXFileReference; fileEncoding = 4; lastKnownFileType = sourcecode.cpp.cpp; name = NewSOFIKernels.cpp; path = ../source/NewSOFIKernels.cpp; sourceTree = "<group>"; };
		D05645A318AA211F001A22D9 /* NewSOFIKernels.h */ = {isa = PBXFileReference; fileEncoding = 4; lastKnownFileType = sourcecode.c.h; name = NewSOFIKernels.h; path = ../source/NewSOFIKernels.h; sourceTree = "<group>"; };
		D06A631D18B4CED200C940C5 /* SOFIFrameVerifiers.cpp */ = {isa = PBXFileReference; fileEncoding = 4; lastKnownFileType = sourcecode.cpp.cpp; name = SOFIFrameVerifiers.cpp; path = ../source/SOFIFrameVerifiers.cpp; sourceTree = "<group>"; };
		D06A631E18B4CED200C940C5 /* SOFIFrameVerifiers.h */ = {isa = PBXFileReference; fileEncoding = 4; lastKnownFileType = sourcecode.c.h; name = SOFIFrameVerifiers.h; path = ../source/SOFIFrameVerifiers.h; sourceTree = "<group>"; };
		D084B0630F7F7236004E7AE3 /* Defines.h */ = {isa = PBXFileReference; fileEncoding = 4; lastKnownFileType = sourcecode.c.h; name = Defines.h; path = ../source/Defines.h; sourceTree = SOURCE_ROOT; };
		D08859551BD7AD7B00310040 /* AudioToolbox.framework */ = {isa = PBXFileReference; lastKnownFileType = wrapper.framework; name = AudioToolbox.framework; path = ../../../../../../../../System/Library/Frameworks/AudioToolbox.framework; sourceTree = "<group>"; };
		D08B48E30D52381800C99DE3 /* PALMAnalysis.h */ = {isa = PBXFileReference; fileEncoding = 4; lastKnownFileType = sourcecode.c.h; name = PALMAnalysis.h; path = ../source/PALMAnalysis.h; sourceTree = SOURCE_ROOT; };
		D08BADD20F80C59400D08A6C /* FileIO.h */ = {isa = PBXFileReference; fileEncoding = 4; lastKnownFileType = sourcecode.c.h; name = FileIO.h; path = ../source/FileIO.h; sourceTree = SOURCE_ROOT; };
		D08BADD30F80C59400D08A6C /* FileIO.cpp */ = {isa = PBXFileReference; fileEncoding = 4; lastKnownFileType = sourcecode.cpp.cpp; name = FileIO.cpp; path = ../source/FileIO.cpp; sourceTree = SOURCE_ROOT; };
		D08BAEBD0F80C8B900D08A6C /* Storage.h */ = {isa = PBXFileReference; fileEncoding = 4; lastKnownFileType = sourcecode.c.h; name = Storage.h; path = ../source/Storage.h; sourceTree = SOURCE_ROOT; };
		D08BAEEF0F80C9F600D08A6C /* Errors.h */ = {isa = PBXFileReference; fileEncoding = 4; lastKnownFileType = sourcecode.c.h; name = Errors.h; path = ../source/Errors.h; sourceTree = SOURCE_ROOT; };
		D090E531139685610099D837 /* SOFI.h */ = {isa = PBXFileReference; fileEncoding = 4; lastKnownFileType = sourcecode.c.h; name = SOFI.h; path = ../source/SOFI.h; sourceTree = SOURCE_ROOT; };
		D090E532139685610099D837 /* SOFI.cpp */ = {isa = PBXFileReference; fileEncoding = 4; lastKnownFileType = sourcecode.cpp.cpp; name = SOFI.cpp; path = ../source/SOFI.cpp; sourceTree = SOURCE_ROOT; };
		D09382490D8173B2008CB7F8 /* Processing.cpp */ = {isa = PBXFileReference; fileEncoding = 4; lastKnownFileType = sourcecode.cpp.cpp; name = Processing.cpp; path = ../source/Processing.cpp; sourceTree = SOURCE_ROOT; };
		D093BF72106FE0380005ECA3 /* Segmentation.h */ = {isa = PBXFileReference; fileEncoding = 4; lastKnownFileType = sourcecode.c.h; name = Segmentation.h; path = ../source/Segmentation.h; sourceTree = SOURCE_ROOT; };
		D093BF73106FE0380005ECA3 /* Segmentation.cpp */ = {isa = PBXFileReference; fileEncoding = 4; lastKnownFileType = sourcecode.cpp.cpp; name = Segmentation.cpp; path = ../source/Segmentation.cpp; sourceTree = SOURCE_ROOT; };
		D093BF92106FE1910005ECA3 /* ParticleFinding.h */ = {isa = PBXFileReference; fileEncoding = 4; lastKnownFileType = sourcecode.c.h; name = ParticleFinding.h; path = ../source/ParticleFinding.h; sourceTree = SOURCE_ROOT; };
		D093BF93106FE1910005ECA3 /* ParticleFinding.cpp */ = {isa = PBXFileReference; fileEncoding = 4; lastKnownFileType = sourcecode.cpp.cpp; name = ParticleFinding.cpp; path = ../source/ParticleFinding.cpp; sourceTree = SOURCE_ROOT; };
		D093BFB7106FE2CE0005ECA3 /* Localization.h */ = {isa = PBXFileReference; fileEncoding = 4; lastKnownFileType = sourcecode.c.h; name = Localization.h; path = ../source/Localization.h; sourceTree = "<group>"; };
		D093BFB8106FE2CE0005ECA3 /* Localization.cpp */ = {isa = PBXFileReference; fileEncoding = 4; lastKnownFileType = sourcecode.cpp.cpp; name = Localization.cpp; path = ../source/Localization.cpp; sourceTree = SOURCE_ROOT; };
		D09576100D30171E00506A92 /* IgorXOP.cpp */ = {isa = PBXFileReference; fileEncoding = 4; lastKnownFileType = sourcecode.cpp.cpp; name = IgorXOP.cpp; path = ../source/IgorXOP.cpp; sourceTree = SOURCE_ROOT; };
		D09576110D30171E00506A92 /* IgorXOP.h */ = {isa = PBXFileReference; fileEncoding = 4; lastKnownFileType = sourcecode.c.h; name = IgorXOP.h; path = ../source/IgorXOP.h; sourceTree = SOURCE_ROOT; };
		D09733C41D48A6DB00FF8430 /* SOFICommandLine.cpp */ = {isa = PBXFileReference; lastKnownFileType = sourcecode.cpp.cpp; name = SOFICommandLine.cpp; path = ../source/SOFICommandLine.cpp; sourceTree = "<group>"; };
		D09733C51D48A6DB00FF8430 /* SOFICommandLine.h */ = {isa = PBXFileReference; lastKnownFileType = sourcecode.c.h; name = SOFICommandLine.h; path = ../source/SOFICommandLine.h; sourceTree = "<group>"; };
		D09810480D5B18B10074692A /* PALMAnalysis.cpp */ = {isa = PBXFileReference; fileEncoding = 4; lastKnownFileType = sourcecode.cpp.cpp; name = PALMAnalysis.cpp; path = ../source/PALMAnalysis.cpp; sourceTree = SOURCE_ROOT; };
		D09810AF0D5B6E850074692A /* Processing.h */ = {isa = PBXFileReference; fileEncoding = 4; lastKnownFileType = sourcecode.c.h; name = Processing.h; path = ../source/Processing.h; sourceTree = SOURCE_ROOT; };
		D0A9C305135F4EED00D076AE /* Localizer64.xop */ = {isa = PBXFileReference; explicitFileType = wrapper.cfbundle; includeInIndex = 0; path = Localizer64.xop; sourceTree = BUILT_PRODUCTS_DIR; };
		D0C2582D1746C045001C2EB1 /* Localizer.mexmaci64 */ = {isa = PBXFileReference; explicitFileType = "compiled.mach-o.dylib"; includeInIndex = 0; path = Localizer.mexmaci64; sourceTree = BUILT_PRODUCTS_DIR; };
		D0C7D190172E77CD0048356A /* libtbb.dylib */ = {isa = PBXFileReference; lastKnownFileType = "compiled.mach-o.dylib"; name = libtbb.dylib; path = ../lib/mac/libtbb.dylib; sourceTree = SOURCE_ROOT; };
		D0CCD31A1473C5DD005CD75A /* liblocalizer.dylib */ = {isa = PBXFileReference; explicitFileType = "compiled.mach-o.dylib"; includeInIndex = 0; path = liblocalizer.dylib; sourceTree = BUILT_PRODUCTS_DIR; };
		D0CCD3381473C700005CD75A /* LocalizerDLL.h */ = {isa = PBXFileReference; fileEncoding = 4; lastKnownFileType = sourcecode.c.h; name = LocalizerDLL.h; path = ../source/LocalizerDLL.h; sourceTree = SOURCE_ROOT; };
		D0CCD33B1473C7E0005CD75A /* LocalizerDLL.cpp */ = {isa = PBXFileReference; fileEncoding = 4; lastKnownFileType = sourcecode.cpp.cpp; name = LocalizerDLL.cpp; path = ../source/LocalizerDLL.cpp; sourceTree = SOURCE_ROOT; };
		D0D8ABB6195C1D2500D5987C /* libtiff.a */ = {isa = PBXFileReference; lastKnownFileType = archive.ar; name = libtiff.a; path = ../lib/mac/libtiff.a; sourceTree = SOURCE_ROOT; };
		D0D8ABBA195C1DAB00D5987C /* libboost_date_time-mt.a */ = {isa = PBXFileReference; lastKnownFileType = archive.ar; name = "libboost_date_time-mt.a"; path = "../lib/mac/libboost_date_time-mt.a"; sourceTree = SOURCE_ROOT; };
		D0D8ABBB195C1DAB00D5987C /* libboost_system-mt.a */ = {isa = PBXFileReference; lastKnownFileType = archive.ar; name = "libboost_system-mt.a"; path = "../lib/mac/libboost_system-mt.a"; sourceTree = SOURCE_ROOT; };
		D0D8ABBC195C1DAB00D5987C /* libboost_thread-mt.a */ = {isa = PBXFileReference; lastKnownFileType = archive.ar; name = "libboost_thread-mt.a"; path = "../lib/mac/libboost_thread-mt.a"; sourceTree = SOURCE_ROOT; };
		D0E6FD0F131C546400356DBB /* MatrixRecycler.h */ = {isa = PBXFileReference; fileEncoding = 4; lastKnownFileType = sourcecode.c.h; name = MatrixRecycler.h; path = ../source/MatrixRecycler.h; sourceTree = SOURCE_ROOT; };
		D0E6FD10131C546400356DBB /* MatrixRecycler.cpp */ = {isa = PBXFileReference; fileEncoding = 4; lastKnownFileType = sourcecode.cpp.cpp; name = MatrixRecycler.cpp; path = ../source/MatrixRecycler.cpp; sourceTree = SOURCE_ROOT; };
		D0EAE298170C54680012ED0E /* libfftw3.a */ = {isa = PBXFileReference; lastKnownFileType = archive.ar; name = libfftw3.a; path = ../lib/mac/libfftw3.a; sourceTree = SOURCE_ROOT; };
		D0EAE299170C54680012ED0E /* libgsl.a */ = {isa = PBXFileReference; lastKnownFileType = archive.ar; name = libgsl.a; path = ../lib/mac/libgsl.a; sourceTree = SOURCE_ROOT; };
		D0EAE29A170C54680012ED0E /* libjpeg.a */ = {isa = PBXFileReference; lastKnownFileType = archive.ar; name = libjpeg.a; path = ../lib/mac/libjpeg.a; sourceTree = SOURCE_ROOT; };
		D0EAE29B170C54680012ED0E /* liblzma.a */ = {isa = PBXFileReference; lastKnownFileType = archive.ar; name = liblzma.a; path = ../lib/mac/liblzma.a; sourceTree = SOURCE_ROOT; };
		D0EAE29D170C54680012ED0E /* libz.a */ = {isa = PBXFileReference; lastKnownFileType = archive.ar; name = libz.a; path = ../lib/mac/libz.a; sourceTree = SOURCE_ROOT; };
		D0F0E2CE10EBE26600F9A855 /* IgorUtilities.h */ = {isa = PBXFileReference; fileEncoding = 4; lastKnownFileType = sourcecode.c.h; name = IgorUtilities.h; path = ../source/IgorUtilities.h; sourceTree = SOURCE_ROOT; };
		D0F0E2CF10EBE26600F9A855 /* IgorUtilities.cpp */ = {isa = PBXFileReference; fileEncoding = 4; lastKnownFileType = sourcecode.cpp.cpp; name = IgorUtilities.cpp; path = ../source/IgorUtilities.cpp; sourceTree = SOURCE_ROOT; };
		D0F0E35510EBEC6200F9A855 /* CommandLine.h */ = {isa = PBXFileReference; fileEncoding = 4; lastKnownFileType = sourcecode.c.h; name = CommandLine.h; path = ../source/CommandLine.h; sourceTree = "<group>"; };
		D0F0E35610EBEC6200F9A855 /* CommandLine.cpp */ = {isa = PBXFileReference; explicitFileType = sourcecode.cpp.cpp; fileEncoding = 4; name = CommandLine.cpp; path = ../source/CommandLine.cpp; sourceTree = "<group>"; };
		D0F4244411B5A4EC001BCE24 /* CommandLineProcessing.h */ = {isa = PBXFileReference; fileEncoding = 4; lastKnownFileType = sourcecode.c.h; name = CommandLineProcessing.h; path = ../source/CommandLineProcessing.h; sourceTree = "<group>"; };
		D0F4244511B5A4EC001BCE24 /* CommandLineProcessing.cpp */ = {isa = PBXFileReference; fileEncoding = 4; lastKnownFileType = sourcecode.cpp.cpp; name = CommandLineProcessing.cpp; path = ../source/CommandLineProcessing.cpp; sourceTree = "<group>"; };
		D0FD27B010F4F41F00C99B9B /* PositionsProcessing.h */ = {isa = PBXFileReference; fileEncoding = 4; lastKnownFileType = sourcecode.c.h; name = PositionsProcessing.h; path = ../source/PositionsProcessing.h; sourceTree = SOURCE_ROOT; };
		D0FD27B110F4F41F00C99B9B /* PositionsProcessing.cpp */ = {isa = PBXFileReference; fileEncoding = 4; lastKnownFileType = sourcecode.cpp.cpp; name = PositionsProcessing.cpp; path = ../source/PositionsProcessing.cpp; sourceTree = SOURCE_ROOT; };
		F44AFE8427A829290091EEF7 /* TIFFIFD.h */ = {isa = PBXFileReference; fileEncoding = 4; lastKnownFileType = sourcecode.c.h; name = TIFFIFD.h; path = ../libsource/LNBTIFF/TIFFIFD.h; sourceTree = "<group>"; };
		F44AFE8527A829290091EEF7 /* TIFFTag.h */ = {isa = PBXFileReference; fileEncoding = 4; lastKnownFileType = sourcecode.c.h; name = TIFFTag.h; path = ../libsource/LNBTIFF/TIFFTag.h; sourceTree = "<group>"; };
		F44AFE8627A829290091EEF7 /* TIFFCompression.h */ = {isa = PBXFileReference; fileEncoding = 4; lastKnownFileType = sourcecode.c.h; name = TIFFCompression.h; path = ../libsource/LNBTIFF/TIFFCompression.h; sourceTree = "<group>"; };
		F44AFE8727A829290091EEF7 /* TIFFCompression.cpp */ = {isa = PBXFileReference; fileEncoding = 4; lastKnownFileType = sourcecode.cpp.cpp; name = TIFFCompression.cpp; path = ../libsource/LNBTIFF/TIFFCompression.cpp; sourceTree = "<group>"; };
		F44AFE8827A829290091EEF7 /* TIFFFile.cpp */ = {isa = PBXFileReference; fileEncoding = 4; lastKnownFileType = sourcecode.cpp.cpp; name = TIFFFile.cpp; path = ../libsource/LNBTIFF/TIFFFile.cpp; sourceTree = "<group>"; };
		F44AFE8927A829290091EEF7 /* TIFFDefs.h */ = {isa = PBXFileReference; fileEncoding = 4; lastKnownFileType = sourcecode.c.h; name = TIFFDefs.h; path = ../libsource/LNBTIFF/TIFFDefs.h; sourceTree = "<group>"; };
		F44AFE8A27A829290091EEF7 /* TIFFTag.cpp */ = {isa = PBXFileReference; fileEncoding = 4; lastKnownFileType = sourcecode.cpp.cpp; name = TIFFTag.cpp; path = ../libsource/LNBTIFF/TIFFTag.cpp; sourceTree = "<group>"; };
		F44AFE8B27A829290091EEF7 /* TIFFIFD.cpp */ = {isa = PBXFileReference; fileEncoding = 4; lastKnownFileType = sourcecode.cpp.cpp; name = TIFFIFD.cpp; path = ../libsource/LNBTIFF/TIFFIFD.cpp; sourceTree = "<group>"; };
		F44AFE8C27A829290091EEF7 /* TIFFUtils.cpp */ = {isa = PBXFileReference; fileEncoding = 4; lastKnownFileType = sourcecode.cpp.cpp; name = TIFFUtils.cpp; path = ../libsource/LNBTIFF/TIFFUtils.cpp; sourceTree = "<group>"; };
		F44AFE8D27A829290091EEF7 /* TIFFFile.h */ = {isa = PBXFileReference; fileEncoding = 4; lastKnownFileType = sourcecode.c.h; name = TIFFFile.h; path = ../libsource/LNBTIFF/TIFFFile.h; sourceTree = "<group>"; };
		F44AFE8E27A829290091EEF7 /* TIFFUtils.h */ = {isa = PBXFileReference; fileEncoding = 4; lastKnownFileType = sourcecode.c.h; name = TIFFUtils.h; path = ../libsource/LNBTIFF/TIFFUtils.h; sourceTree = "<group>"; };
/* End PBXFileReference section */

/* Begin PBXFrameworksBuildPhase section */
		D0A9C2FB135F4EED00D076AE /* Frameworks */ = {
			isa = PBXFrameworksBuildPhase;
			buildActionMask = 2147483647;
			files = (
				D02F86341BB58CF900CF5E68 /* Cocoa.framework in Frameworks */,
				D099CE661B8E4E7A00E23C07 /* libboost_date_time-mt.a in Frameworks */,
				D08859561BD7AD7B00310040 /* AudioToolbox.framework in Frameworks */,
				D099CE671B8E4E8000E23C07 /* libboost_system-mt.a in Frameworks */,
				D099CE681B8E4E9300E23C07 /* libboost_thread-mt.a in Frameworks */,
				D099CE691B8E4E9700E23C07 /* libfftw3.a in Frameworks */,
				D099CE6A1B8E4E9A00E23C07 /* libgsl.a in Frameworks */,
				D099CE6B1B8E4E9E00E23C07 /* libtiff.a in Frameworks */,
				D099CE6C1B8E4EA100E23C07 /* libjpeg.a in Frameworks */,
				D099CE6D1B8E4EA400E23C07 /* liblzma.a in Frameworks */,
				D099CE6E1B8E4EA700E23C07 /* libz.a in Frameworks */,
				D099CE6F1B8E4EAE00E23C07 /* libtbb.dylib in Frameworks */,
				D025068521BEAC23000A2077 /* libXOPSupport64.a in Frameworks */,
				D099CE711B8E4EC300E23C07 /* Accelerate.framework in Frameworks */,
				D099CE721B8E4EC500E23C07 /* Carbon.framework in Frameworks */,
			);
			runOnlyForDeploymentPostprocessing = 0;
		};
		D0C2582A1746C045001C2EB1 /* Frameworks */ = {
			isa = PBXFrameworksBuildPhase;
			buildActionMask = 2147483647;
			files = (
				D0C258521746C1E2001C2EB1 /* libfftw3.a in Frameworks */,
				D0C258531746C1E4001C2EB1 /* libgsl.a in Frameworks */,
				D0D8ABBF195C1DAB00D5987C /* libboost_date_time-mt.a in Frameworks */,
				D0C258541746C1E7001C2EB1 /* libjpeg.a in Frameworks */,
				D0C258551746C1EA001C2EB1 /* liblzma.a in Frameworks */,
				D0D8ABC5195C1DAB00D5987C /* libboost_thread-mt.a in Frameworks */,
				D0C258571746C1EF001C2EB1 /* libz.a in Frameworks */,
				D0C258581746C1F4001C2EB1 /* libtbb.dylib in Frameworks */,
				D0C258591746C51E001C2EB1 /* Accelerate.framework in Frameworks */,
				D0D8ABB9195C1D2500D5987C /* libtiff.a in Frameworks */,
				D0D8ABC2195C1DAB00D5987C /* libboost_system-mt.a in Frameworks */,
			);
			runOnlyForDeploymentPostprocessing = 0;
		};
		D0CCD3171473C5DD005CD75A /* Frameworks */ = {
			isa = PBXFrameworksBuildPhase;
			buildActionMask = 2147483647;
			files = (
				D022E2651473F3BB004107A9 /* Accelerate.framework in Frameworks */,
				D0FB9905193344E00024B6A7 /* libz.a in Frameworks */,
				D0D8ABB8195C1D2500D5987C /* libtiff.a in Frameworks */,
				D0FB9906193344E50024B6A7 /* liblzma.a in Frameworks */,
				D0D8ABC1195C1DAB00D5987C /* libboost_system-mt.a in Frameworks */,
				D0FB9907193344E70024B6A7 /* libjpeg.a in Frameworks */,
				D0D8ABC4195C1DAB00D5987C /* libboost_thread-mt.a in Frameworks */,
				D0D8ABBE195C1DAB00D5987C /* libboost_date_time-mt.a in Frameworks */,
			);
			runOnlyForDeploymentPostprocessing = 0;
		};
/* End PBXFrameworksBuildPhase section */

/* Begin PBXGroup section */
		089C166AFE841209C02AAC07 /* PALM analysis XOP */ = {
			isa = PBXGroup;
			children = (
				D018444510E370D800277419 /* Design documents */,
				08FB77ADFE841716C02AAC07 /* Source */,
				089C167CFE841241C02AAC07 /* Resources */,
				089C1671FE841209C02AAC07 /* External Frameworks and Libraries */,
				19C28FB4FE9D528D11CA2CBB /* Products */,
				D025068321BEAC23000A2077 /* Frameworks */,
			);
			name = "PALM analysis XOP";
			sourceTree = "<group>";
		};
		089C1671FE841209C02AAC07 /* External Frameworks and Libraries */ = {
			isa = PBXGroup;
			children = (
				D0D8ABBA195C1DAB00D5987C /* libboost_date_time-mt.a */,
				D0D8ABBB195C1DAB00D5987C /* libboost_system-mt.a */,
				D0D8ABBC195C1DAB00D5987C /* libboost_thread-mt.a */,
				D0EAE298170C54680012ED0E /* libfftw3.a */,
				D0EAE299170C54680012ED0E /* libgsl.a */,
				D0D8ABB6195C1D2500D5987C /* libtiff.a */,
				D0EAE29A170C54680012ED0E /* libjpeg.a */,
				D0EAE29B170C54680012ED0E /* liblzma.a */,
				D0EAE29D170C54680012ED0E /* libz.a */,
				D0C7D190172E77CD0048356A /* libtbb.dylib */,
				D01677061B8D97A5007685B9 /* libXOPSupport.a */,
				D08859551BD7AD7B00310040 /* AudioToolbox.framework */,
				D02F86331BB58CF900CF5E68 /* Cocoa.framework */,
				D0006D2B12CFD34D00539A8F /* Accelerate.framework */,
				08EA7FFBFE8413EDC02AAC07 /* Carbon.framework */,
			);
			name = "External Frameworks and Libraries";
			sourceTree = SOURCE_ROOT;
		};
		089C167CFE841241C02AAC07 /* Resources */ = {
			isa = PBXGroup;
			children = (
				D01F3B0A13E0800D00A42472 /* Localizer.r */,
				8D01CCD10486CAD60068D4B7 /* Info.plist */,
				089C167DFE841241C02AAC07 /* InfoPlist.strings */,
			);
			name = Resources;
			sourceTree = "<group>";
		};
		08FB77ADFE841716C02AAC07 /* Source */ = {
			isa = PBXGroup;
			children = (
				D0F0E35110EBEC2900F9A855 /* Igor */,
				D0128F58151CAD2A00D683EC /* Matlab */,
				D0CCD33A1473C704005CD75A /* LocalizerDLL */,
				D0F0E35210EBEC3500F9A855 /* Commandline */,
				D08B48E30D52381800C99DE3 /* PALMAnalysis.h */,
				D09810480D5B18B10074692A /* PALMAnalysis.cpp */,
				D01D290A136CE9710094B975 /* ProgressReporting.h */,
				D01D290B136CE9710094B975 /* ProgressReporting.cpp */,
				D09810AF0D5B6E850074692A /* Processing.h */,
				D09382490D8173B2008CB7F8 /* Processing.cpp */,
				D08BADD20F80C59400D08A6C /* FileIO.h */,
				D08BADD30F80C59400D08A6C /* FileIO.cpp */,
				D093BF72106FE0380005ECA3 /* Segmentation.h */,
				D093BF73106FE0380005ECA3 /* Segmentation.cpp */,
				D027E935151311CF005B8664 /* Convolver.h */,
				D027E936151311CF005B8664 /* Convolver.cpp */,
				D093BF92106FE1910005ECA3 /* ParticleFinding.h */,
				D093BF93106FE1910005ECA3 /* ParticleFinding.cpp */,
				D093BFB7106FE2CE0005ECA3 /* Localization.h */,
				D093BFB8106FE2CE0005ECA3 /* Localization.cpp */,
				D03321001074B8B80097124C /* PALMImages.h */,
				D03321011074B8B80097124C /* PALMImages.cpp */,
				D0FD27B010F4F41F00C99B9B /* PositionsProcessing.h */,
				D0FD27B110F4F41F00C99B9B /* PositionsProcessing.cpp */,
				D090E531139685610099D837 /* SOFI.h */,
				D090E532139685610099D837 /* SOFI.cpp */,
				D056459E18AA1F72001A22D9 /* NewSOFI.h */,
				D056459D18AA1F72001A22D9 /* NewSOFI.cpp */,
				D05645A318AA211F001A22D9 /* NewSOFIKernels.h */,
				D05645A218AA211F001A22D9 /* NewSOFIKernels.cpp */,
				D06A631E18B4CED200C940C5 /* SOFIFrameVerifiers.h */,
				D06A631D18B4CED200C940C5 /* SOFIFrameVerifiers.cpp */,
				D08BAEBD0F80C8B900D08A6C /* Storage.h */,
				D0069E0C117B764200112C90 /* Storage.cpp */,
				F44AFE8727A829290091EEF7 /* TIFFCompression.cpp */,
				F44AFE8627A829290091EEF7 /* TIFFCompression.h */,
				F44AFE8927A829290091EEF7 /* TIFFDefs.h */,
				F44AFE8827A829290091EEF7 /* TIFFFile.cpp */,
				F44AFE8D27A829290091EEF7 /* TIFFFile.h */,
				F44AFE8B27A829290091EEF7 /* TIFFIFD.cpp */,
				F44AFE8427A829290091EEF7 /* TIFFIFD.h */,
				F44AFE8A27A829290091EEF7 /* TIFFTag.cpp */,
				F44AFE8527A829290091EEF7 /* TIFFTag.h */,
				F44AFE8C27A829290091EEF7 /* TIFFUtils.cpp */,
				F44AFE8E27A829290091EEF7 /* TIFFUtils.h */,
				D0E6FD0F131C546400356DBB /* MatrixRecycler.h */,
				D0E6FD10131C546400356DBB /* MatrixRecycler.cpp */,
				D084B0630F7F7236004E7AE3 /* Defines.h */,
				D08BAEEF0F80C9F600D08A6C /* Errors.h */,
			);
			name = Source;
			sourceTree = "<group>";
		};
		19C28FB4FE9D528D11CA2CBB /* Products */ = {
			isa = PBXGroup;
			children = (
				D0A9C305135F4EED00D076AE /* Localizer64.xop */,
				D0CCD31A1473C5DD005CD75A /* liblocalizer.dylib */,
				D0C2582D1746C045001C2EB1 /* Localizer.mexmaci64 */,
			);
			name = Products;
			sourceTree = "<group>";
		};
		D0128F58151CAD2A00D683EC /* Matlab */ = {
			isa = PBXGroup;
			children = (
				D0128F5C151CB06400D683EC /* Matlab.h */,
				D0128F5D151CB06400D683EC /* Matlab.cpp */,
				D043F47315A712B7006A3D54 /* WaitMex.h */,
				D043F47415A712B7006A3D54 /* WaitMex.cpp */,
			);
			name = Matlab;
			sourceTree = "<group>";
		};
		D018444510E370D800277419 /* Design documents */ = {
			isa = PBXGroup;
			children = (
			);
			name = "Design documents";
			sourceTree = "<group>";
		};
		D025068321BEAC23000A2077 /* Frameworks */ = {
			isa = PBXGroup;
			children = (
				D025068421BEAC23000A2077 /* libXOPSupport64.a */,
			);
			name = Frameworks;
			sourceTree = "<group>";
		};
		D0CCD33A1473C704005CD75A /* LocalizerDLL */ = {
			isa = PBXGroup;
			children = (
				D0CCD3381473C700005CD75A /* LocalizerDLL.h */,
				D0CCD33B1473C7E0005CD75A /* LocalizerDLL.cpp */,
			);
			name = LocalizerDLL;
			sourceTree = "<group>";
		};
		D0F0E35110EBEC2900F9A855 /* Igor */ = {
			isa = PBXGroup;
			children = (
				D09576110D30171E00506A92 /* IgorXOP.h */,
				D09576100D30171E00506A92 /* IgorXOP.cpp */,
				D0F0E2CE10EBE26600F9A855 /* IgorUtilities.h */,
				D0F0E2CF10EBE26600F9A855 /* IgorUtilities.cpp */,
			);
			name = Igor;
			sourceTree = "<group>";
		};
		D0F0E35210EBEC3500F9A855 /* Commandline */ = {
			isa = PBXGroup;
			children = (
				D09733C51D48A6DB00FF8430 /* SOFICommandLine.h */,
				D09733C41D48A6DB00FF8430 /* SOFICommandLine.cpp */,
				D0F0E35510EBEC6200F9A855 /* CommandLine.h */,
				D0F0E35610EBEC6200F9A855 /* CommandLine.cpp */,
				D0F4244411B5A4EC001BCE24 /* CommandLineProcessing.h */,
				D0F4244511B5A4EC001BCE24 /* CommandLineProcessing.cpp */,
			);
			name = Commandline;
			sourceTree = "<group>";
		};
/* End PBXGroup section */

/* Begin PBXHeadersBuildPhase section */
		D0C2582B1746C045001C2EB1 /* Headers */ = {
			isa = PBXHeadersBuildPhase;
			buildActionMask = 2147483647;
			files = (
				D05645A118AA1F72001A22D9 /* NewSOFI.h in Headers */,
				F44AFEA727A829290091EEF7 /* TIFFFile.h in Headers */,
				F44AFE9227A829290091EEF7 /* TIFFTag.h in Headers */,
				D05645A618AA211F001A22D9 /* NewSOFIKernels.h in Headers */,
				D06A632118B4CED200C940C5 /* SOFIFrameVerifiers.h in Headers */,
				F44AFE9427A829290091EEF7 /* TIFFCompression.h in Headers */,
				F44AFE9027A829290091EEF7 /* TIFFIFD.h in Headers */,
				F44AFEA927A829290091EEF7 /* TIFFUtils.h in Headers */,
				F44AFE9C27A829290091EEF7 /* TIFFDefs.h in Headers */,
			);
			runOnlyForDeploymentPostprocessing = 0;
		};
		D0CCD3181473C5DD005CD75A /* Headers */ = {
			isa = PBXHeadersBuildPhase;
			buildActionMask = 2147483647;
			files = (
				F44AFE9127A829290091EEF7 /* TIFFTag.h in Headers */,
				F44AFEA827A829290091EEF7 /* TIFFUtils.h in Headers */,
				F44AFE9327A829290091EEF7 /* TIFFCompression.h in Headers */,
				F44AFE8F27A829290091EEF7 /* TIFFIFD.h in Headers */,
				F44AFEA627A829290091EEF7 /* TIFFFile.h in Headers */,
				F44AFE9B27A829290091EEF7 /* TIFFDefs.h in Headers */,
			);
			runOnlyForDeploymentPostprocessing = 0;
		};
/* End PBXHeadersBuildPhase section */

/* Begin PBXNativeTarget section */
		D0A9C2EB135F4EED00D076AE /* Localizer */ = {
			isa = PBXNativeTarget;
			buildConfigurationList = D0A9C302135F4EED00D076AE /* Build configuration list for PBXNativeTarget "Localizer" */;
			buildPhases = (
				D0A9C2EC135F4EED00D076AE /* Resources */,
				D0A9C2EE135F4EED00D076AE /* Sources */,
				D0A9C2FB135F4EED00D076AE /* Frameworks */,
				D0A9C2FF135F4EED00D076AE /* Rez */,
				D0A9C301135F4EED00D076AE /* CopyFiles */,
				D0118575172EA410001F165A /* ShellScript */,
			);
			buildRules = (
			);
			dependencies = (
			);
			name = Localizer;
			productInstallPath = "$(HOME)/Library/Bundles";
			productName = "PALM analysis XOP";
			productReference = D0A9C305135F4EED00D076AE /* Localizer64.xop */;
			productType = "com.apple.product-type.bundle";
		};
		D0C2582C1746C045001C2EB1 /* LocalizerMatlab */ = {
			isa = PBXNativeTarget;
			buildConfigurationList = D0C258301746C045001C2EB1 /* Build configuration list for PBXNativeTarget "LocalizerMatlab" */;
			buildPhases = (
				D0C258291746C045001C2EB1 /* Sources */,
				D0C2582A1746C045001C2EB1 /* Frameworks */,
				D0C2582B1746C045001C2EB1 /* Headers */,
			);
			buildRules = (
			);
			dependencies = (
			);
			name = LocalizerMatlab;
			productName = LocalizerMatlab;
			productReference = D0C2582D1746C045001C2EB1 /* Localizer.mexmaci64 */;
			productType = "com.apple.product-type.library.dynamic";
		};
		D0CCD3191473C5DD005CD75A /* LocalizerDLL */ = {
			isa = PBXNativeTarget;
			buildConfigurationList = D0CCD31D1473C5DD005CD75A /* Build configuration list for PBXNativeTarget "LocalizerDLL" */;
			buildPhases = (
				D0CCD3161473C5DD005CD75A /* Sources */,
				D0CCD3171473C5DD005CD75A /* Frameworks */,
				D0CCD3181473C5DD005CD75A /* Headers */,
			);
			buildRules = (
			);
			dependencies = (
			);
			name = LocalizerDLL;
			productName = LocalizerDLL;
			productReference = D0CCD31A1473C5DD005CD75A /* liblocalizer.dylib */;
			productType = "com.apple.product-type.library.dynamic";
		};
/* End PBXNativeTarget section */

/* Begin PBXProject section */
		089C1669FE841209C02AAC07 /* Project object */ = {
			isa = PBXProject;
			attributes = {
				LastUpgradeCheck = 0410;
			};
			buildConfigurationList = 4FADC23708B4156C00ABE55E /* Build configuration list for PBXProject "Localizer" */;
			compatibilityVersion = "Xcode 3.2";
			developmentRegion = English;
			hasScannedForEncodings = 1;
			knownRegions = (
				English,
				Japanese,
				French,
				German,
			);
			mainGroup = 089C166AFE841209C02AAC07 /* PALM analysis XOP */;
			projectDirPath = "";
			projectRoot = "";
			targets = (
				D0A9C2EB135F4EED00D076AE /* Localizer */,
				D0CCD3191473C5DD005CD75A /* LocalizerDLL */,
				D0C2582C1746C045001C2EB1 /* LocalizerMatlab */,
			);
		};
/* End PBXProject section */

/* Begin PBXResourcesBuildPhase section */
		D0A9C2EC135F4EED00D076AE /* Resources */ = {
			isa = PBXResourcesBuildPhase;
			buildActionMask = 2147483647;
			files = (
				D0A9C2ED135F4EED00D076AE /* InfoPlist.strings in Resources */,
			);
			runOnlyForDeploymentPostprocessing = 0;
		};
/* End PBXResourcesBuildPhase section */

/* Begin PBXRezBuildPhase section */
		D0A9C2FF135F4EED00D076AE /* Rez */ = {
			isa = PBXRezBuildPhase;
			buildActionMask = 2147483647;
			files = (
				D01F3B0B13E0800D00A42472 /* Localizer.r in Rez */,
			);
			runOnlyForDeploymentPostprocessing = 0;
		};
/* End PBXRezBuildPhase section */

/* Begin PBXShellScriptBuildPhase section */
		D0118575172EA410001F165A /* ShellScript */ = {
			isa = PBXShellScriptBuildPhase;
			buildActionMask = 2147483647;
			files = (
			);
			inputPaths = (
			);
			outputPaths = (
			);
			runOnlyForDeploymentPostprocessing = 0;
			shellPath = /bin/sh;
			shellScript = "cd \"$TARGET_BUILD_DIR/$WRAPPER_NAME/Contents\"\nrm -R -f Frameworks    # remove the old folder if it exists\nmkdir Frameworks        # create a new one\ncd Frameworks\ncp \"$PROJECT_DIR/../lib/mac/libtbb.dylib\" .\n#cp \"$PROJECT_DIR/../lib/mac/libtbbmalloc.dylib\" .\n# now the otool part:\ninstall_name_tool -change libtbb.dylib @loader_path/../Frameworks/libtbb.dylib \"$BUILT_PRODUCTS_DIR/$EXECUTABLE_PATH\"\n#install_name_tool -change libtbbmalloc.dylib @loader_path/../Frameworks/libtbbmalloc.dylib \"$BUILT_PRODUCTS_DIR/$EXECUTABLE_PATH\"\n";
			showEnvVarsInLog = 0;
		};
/* End PBXShellScriptBuildPhase section */

/* Begin PBXSourcesBuildPhase section */
		D0A9C2EE135F4EED00D076AE /* Sources */ = {
			isa = PBXSourcesBuildPhase;
			buildActionMask = 2147483647;
			files = (
				D0A9C2EF135F4EED00D076AE /* IgorXOP.cpp in Sources */,
				D0A9C2F0135F4EED00D076AE /* PALMAnalysis.cpp in Sources */,
				F44AFE9827A829290091EEF7 /* TIFFFile.cpp in Sources */,
				D0A9C2F1135F4EED00D076AE /* Processing.cpp in Sources */,
				D0A9C2F2135F4EED00D076AE /* FileIO.cpp in Sources */,
				D0A9C2F3135F4EED00D076AE /* Segmentation.cpp in Sources */,
				D0A9C2F4135F4EED00D076AE /* ParticleFinding.cpp in Sources */,
				D0A9C2F5135F4EED00D076AE /* Localization.cpp in Sources */,
				D0A9C2F6135F4EED00D076AE /* PALMImages.cpp in Sources */,
				D0A9C2F7135F4EED00D076AE /* IgorUtilities.cpp in Sources */,
				D0A9C2F8135F4EED00D076AE /* PositionsProcessing.cpp in Sources */,
				D0A9C2F9135F4EED00D076AE /* Storage.cpp in Sources */,
				D0A9C2FA135F4EED00D076AE /* MatrixRecycler.cpp in Sources */,
				D01D290C136CE9710094B975 /* ProgressReporting.cpp in Sources */,
				D090E533139685610099D837 /* SOFI.cpp in Sources */,
				F44AFE9527A829290091EEF7 /* TIFFCompression.cpp in Sources */,
				D06A631F18B4CED200C940C5 /* SOFIFrameVerifiers.cpp in Sources */,
				D027E93A151311CF005B8664 /* Convolver.cpp in Sources */,
				F44AFEA327A829290091EEF7 /* TIFFUtils.cpp in Sources */,
				F44AFEA027A829290091EEF7 /* TIFFIFD.cpp in Sources */,
				D056459F18AA1F72001A22D9 /* NewSOFI.cpp in Sources */,
				F44AFE9D27A829290091EEF7 /* TIFFTag.cpp in Sources */,
				D05645A418AA211F001A22D9 /* NewSOFIKernels.cpp in Sources */,
			);
			runOnlyForDeploymentPostprocessing = 0;
		};
		D0C258291746C045001C2EB1 /* Sources */ = {
			isa = PBXSourcesBuildPhase;
			buildActionMask = 2147483647;
			files = (
				D0C2584C1746C1AF001C2EB1 /* Matlab.cpp in Sources */,
				D0C2584E1746C1AF001C2EB1 /* WaitMex.cpp in Sources */,
				F44AFE9A27A829290091EEF7 /* TIFFFile.cpp in Sources */,
				D0C258321746C19A001C2EB1 /* PALMAnalysis.cpp in Sources */,
				D0C2585A1746C57D001C2EB1 /* ProgressReporting.cpp in Sources */,
				D0C258341746C1A2001C2EB1 /* Processing.cpp in Sources */,
				D0C258361746C1A2001C2EB1 /* FileIO.cpp in Sources */,
				D0C258381746C1A2001C2EB1 /* Segmentation.cpp in Sources */,
				D0C2583A1746C1A2001C2EB1 /* Convolver.cpp in Sources */,
				D0C2583C1746C1A2001C2EB1 /* ParticleFinding.cpp in Sources */,
				D0C2583E1746C1A2001C2EB1 /* Localization.cpp in Sources */,
				D0C258401746C1A2001C2EB1 /* PALMImages.cpp in Sources */,
				D0C258421746C1A2001C2EB1 /* PositionsProcessing.cpp in Sources */,
				D0C258441746C1A2001C2EB1 /* SOFI.cpp in Sources */,
				D0C258461746C1A2001C2EB1 /* Storage.cpp in Sources */,
				F44AFE9727A829290091EEF7 /* TIFFCompression.cpp in Sources */,
				D06A632018B4CED200C940C5 /* SOFIFrameVerifiers.cpp in Sources */,
				D0C258481746C1A2001C2EB1 /* MatrixRecycler.cpp in Sources */,
				F44AFEA527A829290091EEF7 /* TIFFUtils.cpp in Sources */,
				F44AFEA227A829290091EEF7 /* TIFFIFD.cpp in Sources */,
				D05645A018AA1F72001A22D9 /* NewSOFI.cpp in Sources */,
				F44AFE9F27A829290091EEF7 /* TIFFTag.cpp in Sources */,
				D05645A518AA211F001A22D9 /* NewSOFIKernels.cpp in Sources */,
			);
			runOnlyForDeploymentPostprocessing = 0;
		};
		D0CCD3161473C5DD005CD75A /* Sources */ = {
			isa = PBXSourcesBuildPhase;
			buildActionMask = 2147483647;
			files = (
				F44AFEA127A829290091EEF7 /* TIFFIFD.cpp in Sources */,
				D0CCD33C1473C7E0005CD75A /* LocalizerDLL.cpp in Sources */,
				D0CCD3251473C6B6005CD75A /* FileIO.cpp in Sources */,
				F44AFEA427A829290091EEF7 /* TIFFUtils.cpp in Sources */,
				F44AFE9927A829290091EEF7 /* TIFFFile.cpp in Sources */,
				F44AFE9627A829290091EEF7 /* TIFFCompression.cpp in Sources */,
				D0CCD3331473C6B6005CD75A /* Storage.cpp in Sources */,
				F44AFE9E27A829290091EEF7 /* TIFFTag.cpp in Sources */,
				D0CCD3351473C6B6005CD75A /* MatrixRecycler.cpp in Sources */,
			);
			runOnlyForDeploymentPostprocessing = 0;
		};
/* End PBXSourcesBuildPhase section */

/* Begin PBXVariantGroup section */
		089C167DFE841241C02AAC07 /* InfoPlist.strings */ = {
			isa = PBXVariantGroup;
			children = (
				089C167EFE841241C02AAC07 /* English */,
			);
			name = InfoPlist.strings;
			path = ../resources;
			sourceTree = SOURCE_ROOT;
		};
/* End PBXVariantGroup section */

/* Begin XCBuildConfiguration section */
		4FADC23808B4156C00ABE55E /* Debug */ = {
			isa = XCBuildConfiguration;
			buildSettings = {
				CLANG_CXX_LANGUAGE_STANDARD = "c++0x";
				EXECUTABLE_EXTENSION = "";
				GCC_FAST_MATH = NO;
				GCC_PREPROCESSOR_DEFINITIONS = (
					"\"HAVE_INLINE\"",
					"\"_DEBUG_\"",
					"__ASSERT_MACROS_DEFINE_VERSIONS_WITHOUT_UNDERSCORES=0",
				);
				GCC_VERSION = "";
				GCC_WARN_ABOUT_MISSING_NEWLINE = YES;
				GCC_WARN_ABOUT_RETURN_TYPE = YES;
				GCC_WARN_HIDDEN_VIRTUAL_FUNCTIONS = YES;
				GCC_WARN_NON_VIRTUAL_DESTRUCTOR = YES;
				GCC_WARN_SHADOW = NO;
				GCC_WARN_SIGN_COMPARE = YES;
				GCC_WARN_UNUSED_PARAMETER = NO;
				GCC_WARN_UNUSED_VARIABLE = YES;
				HEADER_SEARCH_PATHS = "\"../include\"";
				INFOPLIST_FILE = "";
				LIBRARY_SEARCH_PATHS = ../lib/mac;
				OTHER_REZFLAGS = "";
				VALID_ARCHS = x86_64;
				WRAPPER_EXTENSION = "";
			};
			name = Debug;
		};
		4FADC23908B4156C00ABE55E /* Release */ = {
			isa = XCBuildConfiguration;
			buildSettings = {
				CLANG_CXX_LANGUAGE_STANDARD = "c++0x";
				EXECUTABLE_EXTENSION = "";
				GCC_FAST_MATH = YES;
				GCC_GENERATE_DEBUGGING_SYMBOLS = NO;
				GCC_OPTIMIZATION_LEVEL = 3;
				GCC_PREPROCESSOR_DEFINITIONS = (
					NDEBUG,
					"\"HAVE_INLINE\"",
					"__ASSERT_MACROS_DEFINE_VERSIONS_WITHOUT_UNDERSCORES=0",
				);
				GCC_UNROLL_LOOPS = YES;
				GCC_VERSION = "";
				GCC_WARN_64_TO_32_BIT_CONVERSION = NO;
				GCC_WARN_ABOUT_MISSING_NEWLINE = YES;
				GCC_WARN_ABOUT_RETURN_TYPE = YES;
				GCC_WARN_HIDDEN_VIRTUAL_FUNCTIONS = YES;
				GCC_WARN_MISSING_PARENTHESES = YES;
				GCC_WARN_NON_VIRTUAL_DESTRUCTOR = YES;
				GCC_WARN_SHADOW = NO;
				GCC_WARN_TYPECHECK_CALLS_TO_PRINTF = YES;
				GCC_WARN_UNUSED_FUNCTION = YES;
				GCC_WARN_UNUSED_PARAMETER = NO;
				GCC_WARN_UNUSED_VALUE = YES;
				GCC_WARN_UNUSED_VARIABLE = YES;
				HEADER_SEARCH_PATHS = "\"../include\"";
				INFOPLIST_FILE = "";
				LIBRARY_SEARCH_PATHS = ../lib/mac;
				LLVM_LTO = YES;
				OTHER_REZFLAGS = "";
				VALID_ARCHS = x86_64;
				WRAPPER_EXTENSION = "";
			};
			name = Release;
		};
		D0A9C303135F4EED00D076AE /* Debug */ = {
			isa = XCBuildConfiguration;
			buildSettings = {
				COPY_PHASE_STRIP = NO;
				GCC_DYNAMIC_NO_PIC = NO;
				GCC_MODEL_TUNING = G5;
				GCC_OPTIMIZATION_LEVEL = 0;
				GCC_PREFIX_HEADER = "";
				GCC_PREPROCESSOR_DEFINITIONS = (
					"$(inherited)",
					WITH_IGOR,
					TARGET_OS_MAC,
				);
				HEADER_SEARCH_PATHS = (
					"\"../../XOPSupport\"",
					"$(inherited)",
				);
				INFOPLIST_FILE = ../resources/Info.plist;
				LIBRARY_SEARCH_PATHS = (
					"$(inherited)",
					../../XOPSupport/Xcode,
				);
				ONLY_ACTIVE_ARCH = NO;
				OTHER_REZFLAGS = "-i \"($SRCROOT)/../XOPSupport\"";
				PRODUCT_NAME = Localizer64;
				WRAPPER_EXTENSION = xop;
				ZERO_LINK = YES;
			};
			name = Debug;
		};
		D0A9C304135F4EED00D076AE /* Release */ = {
			isa = XCBuildConfiguration;
			buildSettings = {
				GCC_MODEL_TUNING = G5;
				GCC_PREFIX_HEADER = "";
				GCC_PREPROCESSOR_DEFINITIONS = (
					"$(inherited)",
					WITH_IGOR,
					TARGET_OS_MAC,
				);
				HEADER_SEARCH_PATHS = (
					"\"../../XOPSupport\"",
					"$(inherited)",
				);
				INFOPLIST_FILE = ../resources/Info.plist;
				LIBRARY_SEARCH_PATHS = (
					"$(inherited)",
					../../XOPSupport/Xcode,
				);
				ONLY_ACTIVE_ARCH = NO;
				OTHER_REZFLAGS = "-i \"($SRCROOT)/../XOPSupport\"";
				PRODUCT_NAME = Localizer64;
				WRAPPER_EXTENSION = xop;
			};
			name = Release;
		};
		D0C2582E1746C045001C2EB1 /* Debug */ = {
			isa = XCBuildConfiguration;
			buildSettings = {
				ALWAYS_SEARCH_USER_PATHS = NO;
				ARCHS = "$(ARCHS_STANDARD_64_BIT)";
				CLANG_CXX_LANGUAGE_STANDARD = "c++0x";
				CLANG_CXX_LIBRARY = "libc++";
				CLANG_WARN_CONSTANT_CONVERSION = YES;
				CLANG_WARN_EMPTY_BODY = YES;
				CLANG_WARN_ENUM_CONVERSION = YES;
				CLANG_WARN_INT_CONVERSION = YES;
				CLANG_WARN__DUPLICATE_METHOD_MATCH = YES;
				COPY_PHASE_STRIP = NO;
				EXECUTABLE_EXTENSION = mexmaci64;
				EXECUTABLE_PREFIX = "";
				EXPORTED_SYMBOLS_FILE = /Applications/MATLAB_R2012b.app/extern/lib/maci64/mexFunction.map;
				GCC_C_LANGUAGE_STANDARD = gnu99;
				GCC_DYNAMIC_NO_PIC = NO;
				GCC_ENABLE_OBJC_EXCEPTIONS = YES;
				GCC_OPTIMIZATION_LEVEL = 0;
				GCC_PREPROCESSOR_DEFINITIONS = (
					WITH_MATLAB,
					"DEBUG=1",
					"$(inherited)",
				);
				GCC_SYMBOLS_PRIVATE_EXTERN = NO;
				GCC_WARN_64_TO_32_BIT_CONVERSION = YES;
				GCC_WARN_UNINITIALIZED_AUTOS = YES;
				HEADER_SEARCH_PATHS = (
					$inherited,
					/Applications/MATLAB_R2012b.app/extern/include,
				);
				LIBRARY_SEARCH_PATHS = (
					/Applications/MATLAB_R2012b.app/bin/maci64,
					"\"$(SRCROOT)/../lib/mac\"",
					"/Users/peter/Documents/C++/XOP",
					Toolkit,
					6/IgorXOPs6/Localizer,
					XOP/lib/mac,
				);
				MACOSX_DEPLOYMENT_TARGET = 10.7;
				OTHER_LDFLAGS = (
					"-lmex",
					"-lmx",
					"-lmat",
				);
				PRODUCT_NAME = Localizer;
			};
			name = Debug;
		};
		D0C2582F1746C045001C2EB1 /* Release */ = {
			isa = XCBuildConfiguration;
			buildSettings = {
				ALWAYS_SEARCH_USER_PATHS = NO;
				ARCHS = "$(ARCHS_STANDARD_64_BIT)";
				CLANG_CXX_LANGUAGE_STANDARD = "c++0x";
				CLANG_CXX_LIBRARY = "libc++";
				CLANG_WARN_CONSTANT_CONVERSION = YES;
				CLANG_WARN_EMPTY_BODY = YES;
				CLANG_WARN_ENUM_CONVERSION = YES;
				CLANG_WARN_INT_CONVERSION = YES;
				CLANG_WARN__DUPLICATE_METHOD_MATCH = YES;
				COPY_PHASE_STRIP = YES;
				DEBUG_INFORMATION_FORMAT = "dwarf-with-dsym";
				EXECUTABLE_EXTENSION = mexmaci64;
				EXECUTABLE_PREFIX = "";
				EXPORTED_SYMBOLS_FILE = /Applications/MATLAB_R2012b.app/extern/lib/maci64/mexFunction.map;
				GCC_C_LANGUAGE_STANDARD = gnu99;
				GCC_ENABLE_OBJC_EXCEPTIONS = YES;
				GCC_PREPROCESSOR_DEFINITIONS = (
					NDEBUG,
					"\"HAVE_INLINE\"",
					"__ASSERT_MACROS_DEFINE_VERSIONS_WITHOUT_UNDERSCORES=0",
					WITH_MATLAB,
				);
				GCC_WARN_64_TO_32_BIT_CONVERSION = YES;
				GCC_WARN_UNINITIALIZED_AUTOS = YES;
				HEADER_SEARCH_PATHS = (
					$inherited,
					/Applications/MATLAB_R2012b.app/extern/include,
				);
				LIBRARY_SEARCH_PATHS = (
					/Applications/MATLAB_R2012b.app/bin/maci64,
					"\"$(SRCROOT)/../lib/mac\"",
					"/Users/peter/Documents/C++/XOP",
					Toolkit,
					6/IgorXOPs6/Localizer,
					XOP/lib/mac,
				);
				MACOSX_DEPLOYMENT_TARGET = 10.7;
				OTHER_LDFLAGS = (
					"-lmex",
					"-lmx",
					"-lmat",
				);
				PRODUCT_NAME = Localizer;
			};
			name = Release;
		};
		D0CCD31B1473C5DD005CD75A /* Debug */ = {
			isa = XCBuildConfiguration;
			buildSettings = {
				ALWAYS_SEARCH_USER_PATHS = NO;
				ARCHS = "$(ARCHS_STANDARD_32_64_BIT)";
				COPY_PHASE_STRIP = NO;
				DEBUG_INFORMATION_FORMAT = dwarf;
				DEPLOYMENT_POSTPROCESSING = YES;
				EXECUTABLE_EXTENSION = dylib;
				EXECUTABLE_PREFIX = lib;
				EXPORTED_SYMBOLS_FILE = ../resources/DLLExports.txt;
				GCC_C_LANGUAGE_STANDARD = gnu99;
				GCC_DYNAMIC_NO_PIC = NO;
				GCC_ENABLE_OBJC_EXCEPTIONS = YES;
				GCC_OPTIMIZATION_LEVEL = 0;
				GCC_PREPROCESSOR_DEFINITIONS = (
					"DEBUG=1",
					"$(inherited)",
				);
				GCC_SYMBOLS_PRIVATE_EXTERN = YES;
				GCC_WARN_64_TO_32_BIT_CONVERSION = YES;
				GCC_WARN_ABOUT_MISSING_PROTOTYPES = YES;
				PRODUCT_NAME = localizer;
				STRIPFLAGS = "-x";
				STRIP_STYLE = all;
				WRAPPER_EXTENSION = "";
			};
			name = Debug;
		};
		D0CCD31C1473C5DD005CD75A /* Release */ = {
			isa = XCBuildConfiguration;
			buildSettings = {
				ALWAYS_SEARCH_USER_PATHS = NO;
				ARCHS = "$(ARCHS_STANDARD_32_64_BIT)";
				COPY_PHASE_STRIP = YES;
				DEBUG_INFORMATION_FORMAT = "dwarf-with-dsym";
				DEPLOYMENT_POSTPROCESSING = YES;
				EXECUTABLE_EXTENSION = dylib;
				EXECUTABLE_PREFIX = lib;
				EXPORTED_SYMBOLS_FILE = ../resources/DLLExports.txt;
				GCC_C_LANGUAGE_STANDARD = gnu99;
				GCC_ENABLE_OBJC_EXCEPTIONS = YES;
				GCC_SYMBOLS_PRIVATE_EXTERN = YES;
				GCC_WARN_64_TO_32_BIT_CONVERSION = YES;
				GCC_WARN_ABOUT_MISSING_PROTOTYPES = YES;
				PRODUCT_NAME = localizer;
				STRIPFLAGS = "-x";
				STRIP_STYLE = all;
				WRAPPER_EXTENSION = "";
			};
			name = Release;
		};
/* End XCBuildConfiguration section */

/* Begin XCConfigurationList section */
		4FADC23708B4156C00ABE55E /* Build configuration list for PBXProject "Localizer" */ = {
			isa = XCConfigurationList;
			buildConfigurations = (
				4FADC23808B4156C00ABE55E /* Debug */,
				4FADC23908B4156C00ABE55E /* Release */,
			);
			defaultConfigurationIsVisible = 0;
			defaultConfigurationName = Release;
		};
		D0A9C302135F4EED00D076AE /* Build configuration list for PBXNativeTarget "Localizer" */ = {
			isa = XCConfigurationList;
			buildConfigurations = (
				D0A9C303135F4EED00D076AE /* Debug */,
				D0A9C304135F4EED00D076AE /* Release */,
			);
			defaultConfigurationIsVisible = 0;
			defaultConfigurationName = Release;
		};
		D0C258301746C045001C2EB1 /* Build configuration list for PBXNativeTarget "LocalizerMatlab" */ = {
			isa = XCConfigurationList;
			buildConfigurations = (
				D0C2582E1746C045001C2EB1 /* Debug */,
				D0C2582F1746C045001C2EB1 /* Release */,
			);
			defaultConfigurationIsVisible = 0;
			defaultConfigurationName = Release;
		};
		D0CCD31D1473C5DD005CD75A /* Build configuration list for PBXNativeTarget "LocalizerDLL" */ = {
			isa = XCConfigurationList;
			buildConfigurations = (
				D0CCD31B1473C5DD005CD75A /* Debug */,
				D0CCD31C1473C5DD005CD75A /* Release */,
			);
			defaultConfigurationIsVisible = 0;
			defaultConfigurationName = Release;
		};
/* End XCConfigurationList section */
	};
	rootObject = 089C1669FE841209C02AAC07 /* Project object */;
}
