
Microsoft Visual Studio Solution File, Format Version 12.00
# Visual Studio 15
VisualStudioVersion = 15.0.27703.2035
MinimumVisualStudioVersion = 10.0.40219.1
Project("{8BC9CEB8-8B4A-11D0-8D11-00A0C91BC942}") = "Localizer", "Localizer.vcxproj", "{DF78B16E-519A-4D74-A7F5-18A36F5402E4}"
EndProject
Project("{8BC9CEB8-8B4A-11D0-8D11-00A0C91BC942}") = "zlib", "zlib\zlib.vcxproj", "{037A64E0-8264-4CC0-9AE3-0322540CFAAC}"
EndProject
Global
	GlobalSection(SolutionConfigurationPlatforms) = preSolution
		Debug|x64 = Debug|x64
		Debug-LocalizerDLL|x64 = Debug-LocalizerDLL|x64
		Debug-Matlab|x64 = Debug-Matlab|x64
		Release|x64 = Release|x64
		Release-LocalizerDLL|x64 = Release-LocalizerDLL|x64
		Release-Matlab|x64 = Release-Matlab|x64
	EndGlobalSection
	GlobalSection(ProjectConfigurationPlatforms) = postSolution
		{DF78B16E-519A-4D74-A7F5-18A36F5402E4}.Debug|x64.ActiveCfg = Debug|x64
		{DF78B16E-519A-4D74-A7F5-18A36F5402E4}.Debug|x64.Build.0 = Debug|x64
		{DF78B16E-519A-4D74-A7F5-18A36F5402E4}.Debug-LocalizerDLL|x64.ActiveCfg = Debug-LocalizerDLL|x64
		{DF78B16E-519A-4D74-A7F5-18A36F5402E4}.Debug-LocalizerDLL|x64.Build.0 = Debug-LocalizerDLL|x64
		{DF78B16E-519A-4D74-A7F5-18A36F5402E4}.Debug-Matlab|x64.ActiveCfg = Debug-Matlab|x64
		{DF78B16E-519A-4D74-A7F5-18A36F5402E4}.Debug-Matlab|x64.Build.0 = Debug-Matlab|x64
		{DF78B16E-519A-4D74-A7F5-18A36F5402E4}.Release|x64.ActiveCfg = Release|x64
		{DF78B16E-519A-4D74-A7F5-18A36F5402E4}.Release|x64.Build.0 = Release|x64
		{DF78B16E-519A-4D74-A7F5-18A36F5402E4}.Release-LocalizerDLL|x64.ActiveCfg = Release-LocalizerDLL|x64
		{DF78B16E-519A-4D74-A7F5-18A36F5402E4}.Release-LocalizerDLL|x64.Build.0 = Release-LocalizerDLL|x64
		{DF78B16E-519A-4D74-A7F5-18A36F5402E4}.Release-Matlab|x64.ActiveCfg = Release-Matlab|x64
		{DF78B16E-519A-4D74-A7F5-18A36F5402E4}.Release-Matlab|x64.Build.0 = Release-Matlab|x64
		{037A64E0-8264-4CC0-9AE3-0322540CFAAC}.Debug|x64.ActiveCfg = Debug|x64
		{037A64E0-8264-4CC0-9AE3-0322540CFAAC}.Debug|x64.Build.0 = Debug|x64
		{037A64E0-8264-4CC0-9AE3-0322540CFAAC}.Debug-LocalizerDLL|x64.ActiveCfg = Debug|x64
		{037A64E0-8264-4CC0-9AE3-0322540CFAAC}.Debug-LocalizerDLL|x64.Build.0 = Debug|x64
		{037A64E0-8264-4CC0-9AE3-0322540CFAAC}.Debug-Matlab|x64.ActiveCfg = Debug|x64
		{037A64E0-8264-4CC0-9AE3-0322540CFAAC}.Debug-Matlab|x64.Build.0 = Debug|x64
		{037A64E0-8264-4CC0-9AE3-0322540CFAAC}.Release|x64.ActiveCfg = Release|x64
		{037A64E0-8264-4CC0-9AE3-0322540CFAAC}.Release|x64.Build.0 = Release|x64
		{037A64E0-8264-4CC0-9AE3-0322540CFAAC}.Release-LocalizerDLL|x64.ActiveCfg = Release|x64
		{037A64E0-8264-4CC0-9AE3-0322540CFAAC}.Release-LocalizerDLL|x64.Build.0 = Release|x64
		{037A64E0-8264-4CC0-9AE3-0322540CFAAC}.Release-Matlab|x64.ActiveCfg = Release|x64
		{037A64E0-8264-4CC0-9AE3-0322540CFAAC}.Release-Matlab|x64.Build.0 = Release|x64
	EndGlobalSection
	GlobalSection(SolutionProperties) = preSolution
		HideSolutionNode = FALSE
	EndGlobalSection
	GlobalSection(ExtensibilityGlobals) = postSolution
		SolutionGuid = {4C5C5ABE-A1CE-49EB-BE60-882AAE595522}
	EndGlobalSection
EndGlobal
